Microsoft Visual Studio Solution File, Format Version 12.00
# Visual Studio Version 17
VisualStudioVersion = 17.7.34003.232
MinimumVisualStudioVersion = 10.0.40219.1
Project("{2150E333-8FDC-42A3-9474-1A3956D46DE8}") = "_solution", "_solution", "{1D87B9E7-6D26-4F2E-9015-504EA5B60AF3}"
	ProjectSection(SolutionItems) = preProject
		.editorconfig = .editorconfig
		.gitattributes = .gitattributes
		.gitignore = .gitignore
		Directory.Build.props = Directory.Build.props
		Directory.Packages.props = Directory.Packages.props
		license = license
		readme.md = readme.md
	EndProjectSection
EndProject
Project("{9A19103F-16F7-4668-BE54-9A1E7A4F7556}") = "Arinc424", "source\Arinc424.csproj", "{342A9F66-58E0-4583-ABD4-FBA7C553FBFF}"
EndProject
Project("{9A19103F-16F7-4668-BE54-9A1E7A4F7556}") = "Arinc424.Docs", "docs\Arinc424.Docs.csproj", "{A3AC33B6-1C87-453A-A6A8-39A2A17CEF24}"
EndProject
Project("{9A19103F-16F7-4668-BE54-9A1E7A4F7556}") = "Arinc424.Tests", "tests\tests\Arinc424.Tests.csproj", "{AF48F5D2-D2BE-41FC-95D5-AB425BBA3388}"
EndProject
Project("{9A19103F-16F7-4668-BE54-9A1E7A4F7556}") = "Arinc424.Bench", "tests\benchmarks\Arinc424.Bench.csproj", "{A1DF49EA-81E4-4AC2-8AF3-5C8F36424815}"
EndProject
Project("{9A19103F-16F7-4668-BE54-9A1E7A4F7556}") = "Arinc424.Generators", "codegen\Arinc424.Generators.csproj", "{0EC5A959-869C-4F79-A44B-D5BC73FC2A2E}"
EndProject
Project("{9A19103F-16F7-4668-BE54-9A1E7A4F7556}") = "Arinc424.View", "view\source\Arinc424.View.csproj", "{989FABB9-3676-4746-AE8C-F14369DCDCBA}"
EndProject
Project("{9A19103F-16F7-4668-BE54-9A1E7A4F7556}") = "Arinc424.View.Desktop", "view\desktop\Arinc424.View.Desktop.csproj", "{8236EEB2-1AA0-4DF8-9596-1C21D50E9462}"
EndProject
Project("{9A19103F-16F7-4668-BE54-9A1E7A4F7556}") = "Arinc424.View.Browser", "view\browser\Arinc424.View.Browser.csproj", "{21C84840-FB19-4A80-8000-B6E49C29FF9D}"
EndProject
Project("{2150E333-8FDC-42A3-9474-1A3956D46DE8}") = "view", "view", "{215A2243-3232-4A54-86DE-4C376EB34DE0}"
EndProject
Global
	GlobalSection(SolutionConfigurationPlatforms) = preSolution
		Debug|Any CPU = Debug|Any CPU
		Debug|ARM32 = Debug|ARM32
		Debug|ARM64 = Debug|ARM64
		Debug|x64 = Debug|x64
		Debug|x86 = Debug|x86
		Release|Any CPU = Release|Any CPU
		Release|ARM32 = Release|ARM32
		Release|ARM64 = Release|ARM64
		Release|x64 = Release|x64
		Release|x86 = Release|x86
	EndGlobalSection
	GlobalSection(ProjectConfigurationPlatforms) = postSolution
		{342A9F66-58E0-4583-ABD4-FBA7C553FBFF}.Debug|Any CPU.ActiveCfg = Debug|Any CPU
		{342A9F66-58E0-4583-ABD4-FBA7C553FBFF}.Debug|Any CPU.Build.0 = Debug|Any CPU
		{342A9F66-58E0-4583-ABD4-FBA7C553FBFF}.Debug|ARM32.ActiveCfg = Debug|ARM32
		{342A9F66-58E0-4583-ABD4-FBA7C553FBFF}.Debug|ARM32.Build.0 = Debug|ARM32
		{342A9F66-58E0-4583-ABD4-FBA7C553FBFF}.Debug|ARM64.ActiveCfg = Debug|ARM64
		{342A9F66-58E0-4583-ABD4-FBA7C553FBFF}.Debug|ARM64.Build.0 = Debug|ARM64
		{342A9F66-58E0-4583-ABD4-FBA7C553FBFF}.Debug|x64.ActiveCfg = Debug|x64
		{342A9F66-58E0-4583-ABD4-FBA7C553FBFF}.Debug|x64.Build.0 = Debug|x64
		{342A9F66-58E0-4583-ABD4-FBA7C553FBFF}.Debug|x86.ActiveCfg = Debug|x86
		{342A9F66-58E0-4583-ABD4-FBA7C553FBFF}.Debug|x86.Build.0 = Debug|x86
		{342A9F66-58E0-4583-ABD4-FBA7C553FBFF}.Release|Any CPU.ActiveCfg = Release|Any CPU
		{342A9F66-58E0-4583-ABD4-FBA7C553FBFF}.Release|Any CPU.Build.0 = Release|Any CPU
		{342A9F66-58E0-4583-ABD4-FBA7C553FBFF}.Release|ARM32.ActiveCfg = Release|ARM32
		{342A9F66-58E0-4583-ABD4-FBA7C553FBFF}.Release|ARM32.Build.0 = Release|ARM32
		{342A9F66-58E0-4583-ABD4-FBA7C553FBFF}.Release|ARM64.ActiveCfg = Release|ARM64
		{342A9F66-58E0-4583-ABD4-FBA7C553FBFF}.Release|ARM64.Build.0 = Release|ARM64
		{342A9F66-58E0-4583-ABD4-FBA7C553FBFF}.Release|x64.ActiveCfg = Release|x64
		{342A9F66-58E0-4583-ABD4-FBA7C553FBFF}.Release|x64.Build.0 = Release|x64
		{342A9F66-58E0-4583-ABD4-FBA7C553FBFF}.Release|x86.ActiveCfg = Release|x86
		{342A9F66-58E0-4583-ABD4-FBA7C553FBFF}.Release|x86.Build.0 = Release|x86
		{A3AC33B6-1C87-453A-A6A8-39A2A17CEF24}.Debug|Any CPU.ActiveCfg = Debug|Any CPU
		{A3AC33B6-1C87-453A-A6A8-39A2A17CEF24}.Debug|Any CPU.Build.0 = Debug|Any CPU
		{A3AC33B6-1C87-453A-A6A8-39A2A17CEF24}.Debug|ARM32.ActiveCfg = Debug|ARM32
		{A3AC33B6-1C87-453A-A6A8-39A2A17CEF24}.Debug|ARM32.Build.0 = Debug|ARM32
		{A3AC33B6-1C87-453A-A6A8-39A2A17CEF24}.Debug|ARM64.ActiveCfg = Debug|ARM64
		{A3AC33B6-1C87-453A-A6A8-39A2A17CEF24}.Debug|ARM64.Build.0 = Debug|ARM64
		{A3AC33B6-1C87-453A-A6A8-39A2A17CEF24}.Debug|x64.ActiveCfg = Debug|x64
		{A3AC33B6-1C87-453A-A6A8-39A2A17CEF24}.Debug|x64.Build.0 = Debug|x64
		{A3AC33B6-1C87-453A-A6A8-39A2A17CEF24}.Debug|x86.ActiveCfg = Debug|x86
		{A3AC33B6-1C87-453A-A6A8-39A2A17CEF24}.Debug|x86.Build.0 = Debug|x86
		{A3AC33B6-1C87-453A-A6A8-39A2A17CEF24}.Release|Any CPU.ActiveCfg = Release|Any CPU
		{A3AC33B6-1C87-453A-A6A8-39A2A17CEF24}.Release|Any CPU.Build.0 = Release|Any CPU
		{A3AC33B6-1C87-453A-A6A8-39A2A17CEF24}.Release|ARM32.ActiveCfg = Release|ARM32
		{A3AC33B6-1C87-453A-A6A8-39A2A17CEF24}.Release|ARM32.Build.0 = Release|ARM32
		{A3AC33B6-1C87-453A-A6A8-39A2A17CEF24}.Release|ARM64.ActiveCfg = Release|ARM64
		{A3AC33B6-1C87-453A-A6A8-39A2A17CEF24}.Release|ARM64.Build.0 = Release|ARM64
		{A3AC33B6-1C87-453A-A6A8-39A2A17CEF24}.Release|x64.ActiveCfg = Release|x64
		{A3AC33B6-1C87-453A-A6A8-39A2A17CEF24}.Release|x64.Build.0 = Release|x64
		{A3AC33B6-1C87-453A-A6A8-39A2A17CEF24}.Release|x86.ActiveCfg = Release|x86
		{A3AC33B6-1C87-453A-A6A8-39A2A17CEF24}.Release|x86.Build.0 = Release|x86
		{AF48F5D2-D2BE-41FC-95D5-AB425BBA3388}.Debug|Any CPU.ActiveCfg = Debug|Any CPU
		{AF48F5D2-D2BE-41FC-95D5-AB425BBA3388}.Debug|Any CPU.Build.0 = Debug|Any CPU
		{AF48F5D2-D2BE-41FC-95D5-AB425BBA3388}.Debug|ARM32.ActiveCfg = Debug|ARM32
		{AF48F5D2-D2BE-41FC-95D5-AB425BBA3388}.Debug|ARM32.Build.0 = Debug|ARM32
		{AF48F5D2-D2BE-41FC-95D5-AB425BBA3388}.Debug|ARM64.ActiveCfg = Debug|ARM64
		{AF48F5D2-D2BE-41FC-95D5-AB425BBA3388}.Debug|ARM64.Build.0 = Debug|ARM64
		{AF48F5D2-D2BE-41FC-95D5-AB425BBA3388}.Debug|x64.ActiveCfg = Debug|x64
		{AF48F5D2-D2BE-41FC-95D5-AB425BBA3388}.Debug|x64.Build.0 = Debug|x64
		{AF48F5D2-D2BE-41FC-95D5-AB425BBA3388}.Debug|x86.ActiveCfg = Debug|x86
		{AF48F5D2-D2BE-41FC-95D5-AB425BBA3388}.Debug|x86.Build.0 = Debug|x86
		{AF48F5D2-D2BE-41FC-95D5-AB425BBA3388}.Release|Any CPU.ActiveCfg = Release|Any CPU
		{AF48F5D2-D2BE-41FC-95D5-AB425BBA3388}.Release|Any CPU.Build.0 = Release|Any CPU
		{AF48F5D2-D2BE-41FC-95D5-AB425BBA3388}.Release|ARM32.ActiveCfg = Release|ARM32
		{AF48F5D2-D2BE-41FC-95D5-AB425BBA3388}.Release|ARM32.Build.0 = Release|ARM32
		{AF48F5D2-D2BE-41FC-95D5-AB425BBA3388}.Release|ARM64.ActiveCfg = Release|ARM64
		{AF48F5D2-D2BE-41FC-95D5-AB425BBA3388}.Release|ARM64.Build.0 = Release|ARM64
		{AF48F5D2-D2BE-41FC-95D5-AB425BBA3388}.Release|x64.ActiveCfg = Release|x64
		{AF48F5D2-D2BE-41FC-95D5-AB425BBA3388}.Release|x64.Build.0 = Release|x64
		{AF48F5D2-D2BE-41FC-95D5-AB425BBA3388}.Release|x86.ActiveCfg = Release|x86
		{AF48F5D2-D2BE-41FC-95D5-AB425BBA3388}.Release|x86.Build.0 = Release|x86
		{A1DF49EA-81E4-4AC2-8AF3-5C8F36424815}.Debug|Any CPU.ActiveCfg = Debug|Any CPU
		{A1DF49EA-81E4-4AC2-8AF3-5C8F36424815}.Debug|Any CPU.Build.0 = Debug|Any CPU
		{A1DF49EA-81E4-4AC2-8AF3-5C8F36424815}.Debug|ARM32.ActiveCfg = Debug|ARM32
		{A1DF49EA-81E4-4AC2-8AF3-5C8F36424815}.Debug|ARM32.Build.0 = Debug|ARM32
		{A1DF49EA-81E4-4AC2-8AF3-5C8F36424815}.Debug|ARM64.ActiveCfg = Debug|ARM64
		{A1DF49EA-81E4-4AC2-8AF3-5C8F36424815}.Debug|ARM64.Build.0 = Debug|ARM64
		{A1DF49EA-81E4-4AC2-8AF3-5C8F36424815}.Debug|x64.ActiveCfg = Debug|x64
		{A1DF49EA-81E4-4AC2-8AF3-5C8F36424815}.Debug|x64.Build.0 = Debug|x64
		{A1DF49EA-81E4-4AC2-8AF3-5C8F36424815}.Debug|x86.ActiveCfg = Debug|x86
		{A1DF49EA-81E4-4AC2-8AF3-5C8F36424815}.Debug|x86.Build.0 = Debug|x86
		{A1DF49EA-81E4-4AC2-8AF3-5C8F36424815}.Release|Any CPU.ActiveCfg = Release|Any CPU
		{A1DF49EA-81E4-4AC2-8AF3-5C8F36424815}.Release|Any CPU.Build.0 = Release|Any CPU
		{A1DF49EA-81E4-4AC2-8AF3-5C8F36424815}.Release|ARM32.ActiveCfg = Release|ARM32
		{A1DF49EA-81E4-4AC2-8AF3-5C8F36424815}.Release|ARM32.Build.0 = Release|ARM32
		{A1DF49EA-81E4-4AC2-8AF3-5C8F36424815}.Release|ARM64.ActiveCfg = Release|ARM64
		{A1DF49EA-81E4-4AC2-8AF3-5C8F36424815}.Release|ARM64.Build.0 = Release|ARM64
		{A1DF49EA-81E4-4AC2-8AF3-5C8F36424815}.Release|x64.ActiveCfg = Release|x64
		{A1DF49EA-81E4-4AC2-8AF3-5C8F36424815}.Release|x64.Build.0 = Release|x64
		{A1DF49EA-81E4-4AC2-8AF3-5C8F36424815}.Release|x86.ActiveCfg = Release|x86
		{A1DF49EA-81E4-4AC2-8AF3-5C8F36424815}.Release|x86.Build.0 = Release|x86
		{0EC5A959-869C-4F79-A44B-D5BC73FC2A2E}.Debug|Any CPU.ActiveCfg = Debug|Any CPU
		{0EC5A959-869C-4F79-A44B-D5BC73FC2A2E}.Debug|Any CPU.Build.0 = Debug|Any CPU
		{0EC5A959-869C-4F79-A44B-D5BC73FC2A2E}.Debug|ARM32.ActiveCfg = Debug|ARM32
		{0EC5A959-869C-4F79-A44B-D5BC73FC2A2E}.Debug|ARM32.Build.0 = Debug|ARM32
		{0EC5A959-869C-4F79-A44B-D5BC73FC2A2E}.Debug|ARM64.ActiveCfg = Debug|ARM64
		{0EC5A959-869C-4F79-A44B-D5BC73FC2A2E}.Debug|ARM64.Build.0 = Debug|ARM64
		{0EC5A959-869C-4F79-A44B-D5BC73FC2A2E}.Debug|x64.ActiveCfg = Debug|x64
		{0EC5A959-869C-4F79-A44B-D5BC73FC2A2E}.Debug|x64.Build.0 = Debug|x64
		{0EC5A959-869C-4F79-A44B-D5BC73FC2A2E}.Debug|x86.ActiveCfg = Debug|x86
		{0EC5A959-869C-4F79-A44B-D5BC73FC2A2E}.Debug|x86.Build.0 = Debug|x86
		{0EC5A959-869C-4F79-A44B-D5BC73FC2A2E}.Release|Any CPU.ActiveCfg = Release|Any CPU
		{0EC5A959-869C-4F79-A44B-D5BC73FC2A2E}.Release|Any CPU.Build.0 = Release|Any CPU
		{0EC5A959-869C-4F79-A44B-D5BC73FC2A2E}.Release|ARM32.ActiveCfg = Release|ARM32
		{0EC5A959-869C-4F79-A44B-D5BC73FC2A2E}.Release|ARM32.Build.0 = Release|ARM32
		{0EC5A959-869C-4F79-A44B-D5BC73FC2A2E}.Release|ARM64.ActiveCfg = Release|ARM64
		{0EC5A959-869C-4F79-A44B-D5BC73FC2A2E}.Release|ARM64.Build.0 = Release|ARM64
		{0EC5A959-869C-4F79-A44B-D5BC73FC2A2E}.Release|x64.ActiveCfg = Release|x64
		{0EC5A959-869C-4F79-A44B-D5BC73FC2A2E}.Release|x64.Build.0 = Release|x64
		{0EC5A959-869C-4F79-A44B-D5BC73FC2A2E}.Release|x86.ActiveCfg = Release|x86
		{0EC5A959-869C-4F79-A44B-D5BC73FC2A2E}.Release|x86.Build.0 = Release|x86
		{989FABB9-3676-4746-AE8C-F14369DCDCBA}.Debug|Any CPU.ActiveCfg = Debug|Any CPU
		{989FABB9-3676-4746-AE8C-F14369DCDCBA}.Debug|Any CPU.Build.0 = Debug|Any CPU
		{989FABB9-3676-4746-AE8C-F14369DCDCBA}.Debug|ARM32.ActiveCfg = Debug|Any CPU
		{989FABB9-3676-4746-AE8C-F14369DCDCBA}.Debug|ARM32.Build.0 = Debug|Any CPU
		{989FABB9-3676-4746-AE8C-F14369DCDCBA}.Debug|ARM64.ActiveCfg = Debug|Any CPU
		{989FABB9-3676-4746-AE8C-F14369DCDCBA}.Debug|ARM64.Build.0 = Debug|Any CPU
		{989FABB9-3676-4746-AE8C-F14369DCDCBA}.Debug|x64.ActiveCfg = Debug|Any CPU
		{989FABB9-3676-4746-AE8C-F14369DCDCBA}.Debug|x64.Build.0 = Debug|Any CPU
		{989FABB9-3676-4746-AE8C-F14369DCDCBA}.Debug|x86.ActiveCfg = Debug|Any CPU
		{989FABB9-3676-4746-AE8C-F14369DCDCBA}.Debug|x86.Build.0 = Debug|Any CPU
		{989FABB9-3676-4746-AE8C-F14369DCDCBA}.Release|Any CPU.ActiveCfg = Release|Any CPU
		{989FABB9-3676-4746-AE8C-F14369DCDCBA}.Release|Any CPU.Build.0 = Release|Any CPU
		{989FABB9-3676-4746-AE8C-F14369DCDCBA}.Release|ARM32.ActiveCfg = Release|Any CPU
		{989FABB9-3676-4746-AE8C-F14369DCDCBA}.Release|ARM32.Build.0 = Release|Any CPU
		{989FABB9-3676-4746-AE8C-F14369DCDCBA}.Release|ARM64.ActiveCfg = Release|Any CPU
		{989FABB9-3676-4746-AE8C-F14369DCDCBA}.Release|ARM64.Build.0 = Release|Any CPU
		{989FABB9-3676-4746-AE8C-F14369DCDCBA}.Release|x64.ActiveCfg = Release|Any CPU
		{989FABB9-3676-4746-AE8C-F14369DCDCBA}.Release|x64.Build.0 = Release|Any CPU
		{989FABB9-3676-4746-AE8C-F14369DCDCBA}.Release|x86.ActiveCfg = Release|Any CPU
		{989FABB9-3676-4746-AE8C-F14369DCDCBA}.Release|x86.Build.0 = Release|Any CPU
		{8236EEB2-1AA0-4DF8-9596-1C21D50E9462}.Debug|Any CPU.ActiveCfg = Debug|Any CPU
		{8236EEB2-1AA0-4DF8-9596-1C21D50E9462}.Debug|Any CPU.Build.0 = Debug|Any CPU
		{8236EEB2-1AA0-4DF8-9596-1C21D50E9462}.Debug|ARM32.ActiveCfg = Debug|Any CPU
		{8236EEB2-1AA0-4DF8-9596-1C21D50E9462}.Debug|ARM32.Build.0 = Debug|Any CPU
		{8236EEB2-1AA0-4DF8-9596-1C21D50E9462}.Debug|ARM64.ActiveCfg = Debug|Any CPU
		{8236EEB2-1AA0-4DF8-9596-1C21D50E9462}.Debug|ARM64.Build.0 = Debug|Any CPU
		{8236EEB2-1AA0-4DF8-9596-1C21D50E9462}.Debug|x64.ActiveCfg = Debug|Any CPU
		{8236EEB2-1AA0-4DF8-9596-1C21D50E9462}.Debug|x64.Build.0 = Debug|Any CPU
		{8236EEB2-1AA0-4DF8-9596-1C21D50E9462}.Debug|x86.ActiveCfg = Debug|Any CPU
		{8236EEB2-1AA0-4DF8-9596-1C21D50E9462}.Debug|x86.Build.0 = Debug|Any CPU
		{8236EEB2-1AA0-4DF8-9596-1C21D50E9462}.Release|Any CPU.ActiveCfg = Release|Any CPU
		{8236EEB2-1AA0-4DF8-9596-1C21D50E9462}.Release|Any CPU.Build.0 = Release|Any CPU
		{8236EEB2-1AA0-4DF8-9596-1C21D50E9462}.Release|ARM32.ActiveCfg = Release|Any CPU
		{8236EEB2-1AA0-4DF8-9596-1C21D50E9462}.Release|ARM32.Build.0 = Release|Any CPU
		{8236EEB2-1AA0-4DF8-9596-1C21D50E9462}.Release|ARM64.ActiveCfg = Release|Any CPU
		{8236EEB2-1AA0-4DF8-9596-1C21D50E9462}.Release|ARM64.Build.0 = Release|Any CPU
		{8236EEB2-1AA0-4DF8-9596-1C21D50E9462}.Release|x64.ActiveCfg = Release|Any CPU
		{8236EEB2-1AA0-4DF8-9596-1C21D50E9462}.Release|x64.Build.0 = Release|Any CPU
		{8236EEB2-1AA0-4DF8-9596-1C21D50E9462}.Release|x86.ActiveCfg = Release|Any CPU
		{8236EEB2-1AA0-4DF8-9596-1C21D50E9462}.Release|x86.Build.0 = Release|Any CPU
		{21C84840-FB19-4A80-8000-B6E49C29FF9D}.Debug|Any CPU.ActiveCfg = Debug|Any CPU
		{21C84840-FB19-4A80-8000-B6E49C29FF9D}.Debug|Any CPU.Build.0 = Debug|Any CPU
		{21C84840-FB19-4A80-8000-B6E49C29FF9D}.Debug|ARM32.ActiveCfg = Debug|Any CPU
		{21C84840-FB19-4A80-8000-B6E49C29FF9D}.Debug|ARM32.Build.0 = Debug|Any CPU
		{21C84840-FB19-4A80-8000-B6E49C29FF9D}.Debug|ARM64.ActiveCfg = Debug|Any CPU
		{21C84840-FB19-4A80-8000-B6E49C29FF9D}.Debug|ARM64.Build.0 = Debug|Any CPU
		{21C84840-FB19-4A80-8000-B6E49C29FF9D}.Debug|x64.ActiveCfg = Debug|Any CPU
		{21C84840-FB19-4A80-8000-B6E49C29FF9D}.Debug|x64.Build.0 = Debug|Any CPU
		{21C84840-FB19-4A80-8000-B6E49C29FF9D}.Debug|x86.ActiveCfg = Debug|Any CPU
		{21C84840-FB19-4A80-8000-B6E49C29FF9D}.Debug|x86.Build.0 = Debug|Any CPU
		{21C84840-FB19-4A80-8000-B6E49C29FF9D}.Release|Any CPU.ActiveCfg = Release|Any CPU
		{21C84840-FB19-4A80-8000-B6E49C29FF9D}.Release|Any CPU.Build.0 = Release|Any CPU
		{21C84840-FB19-4A80-8000-B6E49C29FF9D}.Release|ARM32.ActiveCfg = Release|Any CPU
		{21C84840-FB19-4A80-8000-B6E49C29FF9D}.Release|ARM32.Build.0 = Release|Any CPU
		{21C84840-FB19-4A80-8000-B6E49C29FF9D}.Release|ARM64.ActiveCfg = Release|Any CPU
		{21C84840-FB19-4A80-8000-B6E49C29FF9D}.Release|ARM64.Build.0 = Release|Any CPU
		{21C84840-FB19-4A80-8000-B6E49C29FF9D}.Release|x64.ActiveCfg = Release|Any CPU
		{21C84840-FB19-4A80-8000-B6E49C29FF9D}.Release|x64.Build.0 = Release|Any CPU
		{21C84840-FB19-4A80-8000-B6E49C29FF9D}.Release|x86.ActiveCfg = Release|Any CPU
		{21C84840-FB19-4A80-8000-B6E49C29FF9D}.Release|x86.Build.0 = Release|Any CPU
	EndGlobalSection
	GlobalSection(SolutionProperties) = preSolution
		HideSolutionNode = FALSE
	EndGlobalSection
	GlobalSection(NestedProjects) = preSolution
		{989FABB9-3676-4746-AE8C-F14369DCDCBA} = {215A2243-3232-4A54-86DE-4C376EB34DE0}
		{8236EEB2-1AA0-4DF8-9596-1C21D50E9462} = {215A2243-3232-4A54-86DE-4C376EB34DE0}
		{21C84840-FB19-4A80-8000-B6E49C29FF9D} = {215A2243-3232-4A54-86DE-4C376EB34DE0}
	EndGlobalSection
	GlobalSection(ExtensibilityGlobals) = postSolution
		SolutionGuid = {F25034B4-EEAF-411A-B0D5-9F307674AB8B}
	EndGlobalSection
EndGlobal
